// !$*UTF8*$!
{
	archiveVersion = 1;
	classes = {
	};
	objectVersion = 56;
	objects = {

/* Begin PBXBuildFile section */
		73EAF1AF2BA7421500BC30A3 /* AppDelegate.swift in Sources */ = {isa = PBXBuildFile; fileRef = 73EAF1AE2BA7421500BC30A3 /* AppDelegate.swift */; };
		73EAF1B12BA7421500BC30A3 /* SceneDelegate.swift in Sources */ = {isa = PBXBuildFile; fileRef = 73EAF1B02BA7421500BC30A3 /* SceneDelegate.swift */; };
		73EAF1B82BA7421700BC30A3 /* Assets.xcassets in Resources */ = {isa = PBXBuildFile; fileRef = 73EAF1B72BA7421700BC30A3 /* Assets.xcassets */; };
		73EAF1BB2BA7421700BC30A3 /* LaunchScreen.storyboard in Resources */ = {isa = PBXBuildFile; fileRef = 73EAF1B92BA7421700BC30A3 /* LaunchScreen.storyboard */; };
		73EAF1C92BA742ED00BC30A3 /* LisOfMoviesView.swift in Sources */ = {isa = PBXBuildFile; fileRef = 73EAF1C82BA742ED00BC30A3 /* LisOfMoviesView.swift */; };
		73EAF1CB2BA7430800BC30A3 /* ListOfMoviesPresenter.swift in Sources */ = {isa = PBXBuildFile; fileRef = 73EAF1CA2BA7430800BC30A3 /* ListOfMoviesPresenter.swift */; };
		73EAF1CD2BA7431B00BC30A3 /* ListOfMoviesInteractor.swift in Sources */ = {isa = PBXBuildFile; fileRef = 73EAF1CC2BA7431B00BC30A3 /* ListOfMoviesInteractor.swift */; };
		73EAF1CF2BA7432B00BC30A3 /* ListOfMoviesRouter.swift in Sources */ = {isa = PBXBuildFile; fileRef = 73EAF1CE2BA7432B00BC30A3 /* ListOfMoviesRouter.swift */; };
		73EAF1D12BA7441900BC30A3 /* PopularMovieEntity.swift in Sources */ = {isa = PBXBuildFile; fileRef = 73EAF1D02BA7441900BC30A3 /* PopularMovieEntity.swift */; };
		73EAF1D32BA7452100BC30A3 /* PopularMovieResponseEntity.swift in Sources */ = {isa = PBXBuildFile; fileRef = 73EAF1D22BA7452100BC30A3 /* PopularMovieResponseEntity.swift */; };
		73EAF1D52BA7552F00BC30A3 /* MovieCellView.swift in Sources */ = {isa = PBXBuildFile; fileRef = 73EAF1D42BA7552F00BC30A3 /* MovieCellView.swift */; };
		73EAF1D82BA7598A00BC30A3 /* Kingfisher in Frameworks */ = {isa = PBXBuildFile; productRef = 73EAF1D72BA7598A00BC30A3 /* Kingfisher */; };
		73EAF1DA2BA761A000BC30A3 /* CustomModel.swift in Sources */ = {isa = PBXBuildFile; fileRef = 73EAF1D92BA761A000BC30A3 /* CustomModel.swift */; };
		73EAF1DC2BA766D300BC30A3 /* Mapper.swift in Sources */ = {isa = PBXBuildFile; fileRef = 73EAF1DB2BA766D300BC30A3 /* Mapper.swift */; };
		73EAF1E42BA7730F00BC30A3 /* DetailView.swift in Sources */ = {isa = PBXBuildFile; fileRef = 73EAF1E32BA7730F00BC30A3 /* DetailView.swift */; };
		73EAF1E62BA7732100BC30A3 /* DetailPresenter.swift in Sources */ = {isa = PBXBuildFile; fileRef = 73EAF1E52BA7732100BC30A3 /* DetailPresenter.swift */; };
		73EAF1E82BA7733300BC30A3 /* DetailInteractor.swift in Sources */ = {isa = PBXBuildFile; fileRef = 73EAF1E72BA7733300BC30A3 /* DetailInteractor.swift */; };
		73EAF1EA2BA7735600BC30A3 /* DetailRouter.swift in Sources */ = {isa = PBXBuildFile; fileRef = 73EAF1E92BA7735600BC30A3 /* DetailRouter.swift */; };
		73EAF1EC2BA7736500BC30A3 /* DetailEntity.swift in Sources */ = {isa = PBXBuildFile; fileRef = 73EAF1EB2BA7736500BC30A3 /* DetailEntity.swift */; };
		73EAF1EE2BA7799B00BC30A3 /* CustomDetailViewModel.swift in Sources */ = {isa = PBXBuildFile; fileRef = 73EAF1ED2BA7799B00BC30A3 /* CustomDetailViewModel.swift */; };
		73EAF1F02BA77A0E00BC30A3 /* MapperDetailModel.swift in Sources */ = {isa = PBXBuildFile; fileRef = 73EAF1EF2BA77A0E00BC30A3 /* MapperDetailModel.swift */; };
/* End PBXBuildFile section */

/* Begin PBXFileReference section */
		73EAF1AB2BA7421500BC30A3 /* Movies-VIPER.app */ = {isa = PBXFileReference; explicitFileType = wrapper.application; includeInIndex = 0; path = "Movies-VIPER.app"; sourceTree = BUILT_PRODUCTS_DIR; };
		73EAF1AE2BA7421500BC30A3 /* AppDelegate.swift */ = {isa = PBXFileReference; lastKnownFileType = sourcecode.swift; path = AppDelegate.swift; sourceTree = "<group>"; };
		73EAF1B02BA7421500BC30A3 /* SceneDelegate.swift */ = {isa = PBXFileReference; lastKnownFileType = sourcecode.swift; path = SceneDelegate.swift; sourceTree = "<group>"; };
		73EAF1B72BA7421700BC30A3 /* Assets.xcassets */ = {isa = PBXFileReference; lastKnownFileType = folder.assetcatalog; path = Assets.xcassets; sourceTree = "<group>"; };
		73EAF1BA2BA7421700BC30A3 /* Base */ = {isa = PBXFileReference; lastKnownFileType = file.storyboard; name = Base; path = Base.lproj/LaunchScreen.storyboard; sourceTree = "<group>"; };
		73EAF1BC2BA7421700BC30A3 /* Info.plist */ = {isa = PBXFileReference; lastKnownFileType = text.plist.xml; path = Info.plist; sourceTree = "<group>"; };
		73EAF1C82BA742ED00BC30A3 /* LisOfMoviesView.swift */ = {isa = PBXFileReference; lastKnownFileType = sourcecode.swift; path = LisOfMoviesView.swift; sourceTree = "<group>"; };
		73EAF1CA2BA7430800BC30A3 /* ListOfMoviesPresenter.swift */ = {isa = PBXFileReference; lastKnownFileType = sourcecode.swift; path = ListOfMoviesPresenter.swift; sourceTree = "<group>"; };
		73EAF1CC2BA7431B00BC30A3 /* ListOfMoviesInteractor.swift */ = {isa = PBXFileReference; lastKnownFileType = sourcecode.swift; path = ListOfMoviesInteractor.swift; sourceTree = "<group>"; };
		73EAF1CE2BA7432B00BC30A3 /* ListOfMoviesRouter.swift */ = {isa = PBXFileReference; lastKnownFileType = sourcecode.swift; path = ListOfMoviesRouter.swift; sourceTree = "<group>"; };
		73EAF1D02BA7441900BC30A3 /* PopularMovieEntity.swift */ = {isa = PBXFileReference; lastKnownFileType = sourcecode.swift; path = PopularMovieEntity.swift; sourceTree = "<group>"; };
		73EAF1D22BA7452100BC30A3 /* PopularMovieResponseEntity.swift */ = {isa = PBXFileReference; lastKnownFileType = sourcecode.swift; path = PopularMovieResponseEntity.swift; sourceTree = "<group>"; };
		73EAF1D42BA7552F00BC30A3 /* MovieCellView.swift */ = {isa = PBXFileReference; lastKnownFileType = sourcecode.swift; path = MovieCellView.swift; sourceTree = "<group>"; };
		73EAF1D92BA761A000BC30A3 /* CustomModel.swift */ = {isa = PBXFileReference; lastKnownFileType = sourcecode.swift; path = CustomModel.swift; sourceTree = "<group>"; };
		73EAF1DB2BA766D300BC30A3 /* Mapper.swift */ = {isa = PBXFileReference; lastKnownFileType = sourcecode.swift; path = Mapper.swift; sourceTree = "<group>"; };
		73EAF1E32BA7730F00BC30A3 /* DetailView.swift */ = {isa = PBXFileReference; lastKnownFileType = sourcecode.swift; path = DetailView.swift; sourceTree = "<group>"; };
		73EAF1E52BA7732100BC30A3 /* DetailPresenter.swift */ = {isa = PBXFileReference; lastKnownFileType = sourcecode.swift; path = DetailPresenter.swift; sourceTree = "<group>"; };
		73EAF1E72BA7733300BC30A3 /* DetailInteractor.swift */ = {isa = PBXFileReference; lastKnownFileType = sourcecode.swift; path = DetailInteractor.swift; sourceTree = "<group>"; };
		73EAF1E92BA7735600BC30A3 /* DetailRouter.swift */ = {isa = PBXFileReference; lastKnownFileType = sourcecode.swift; path = DetailRouter.swift; sourceTree = "<group>"; };
		73EAF1EB2BA7736500BC30A3 /* DetailEntity.swift */ = {isa = PBXFileReference; lastKnownFileType = sourcecode.swift; path = DetailEntity.swift; sourceTree = "<group>"; };
		73EAF1ED2BA7799B00BC30A3 /* CustomDetailViewModel.swift */ = {isa = PBXFileReference; lastKnownFileType = sourcecode.swift; path = CustomDetailViewModel.swift; sourceTree = "<group>"; };
		73EAF1EF2BA77A0E00BC30A3 /* MapperDetailModel.swift */ = {isa = PBXFileReference; lastKnownFileType = sourcecode.swift; path = MapperDetailModel.swift; sourceTree = "<group>"; };
/* End PBXFileReference section */

/* Begin PBXFrameworksBuildPhase section */
		73EAF1A82BA7421500BC30A3 /* Frameworks */ = {
			isa = PBXFrameworksBuildPhase;
			buildActionMask = 2147483647;
			files = (
				73EAF1D82BA7598A00BC30A3 /* Kingfisher in Frameworks */,
			);
			runOnlyForDeploymentPostprocessing = 0;
		};
/* End PBXFrameworksBuildPhase section */

/* Begin PBXGroup section */
		73EAF1A22BA7421500BC30A3 = {
			isa = PBXGroup;
			children = (
				73EAF1AD2BA7421500BC30A3 /* Movies-VIPER */,
				73EAF1AC2BA7421500BC30A3 /* Products */,
			);
			sourceTree = "<group>";
		};
		73EAF1AC2BA7421500BC30A3 /* Products */ = {
			isa = PBXGroup;
			children = (
				73EAF1AB2BA7421500BC30A3 /* Movies-VIPER.app */,
			);
			name = Products;
			sourceTree = "<group>";
		};
		73EAF1AD2BA7421500BC30A3 /* Movies-VIPER */ = {
			isa = PBXGroup;
			children = (
				73EAF1AE2BA7421500BC30A3 /* AppDelegate.swift */,
				73EAF1B02BA7421500BC30A3 /* SceneDelegate.swift */,
				73EAF1C22BA7427100BC30A3 /* ListOfMovies */,
				73EAF1DD2BA771CE00BC30A3 /* DetailMovie */,
				73EAF1B72BA7421700BC30A3 /* Assets.xcassets */,
				73EAF1B92BA7421700BC30A3 /* LaunchScreen.storyboard */,
				73EAF1BC2BA7421700BC30A3 /* Info.plist */,
			);
			path = "Movies-VIPER";
			sourceTree = "<group>";
		};
		73EAF1C22BA7427100BC30A3 /* ListOfMovies */ = {
			isa = PBXGroup;
			children = (
				73EAF1C32BA7428400BC30A3 /* View */,
				73EAF1C52BA742A000BC30A3 /* Presenter */,
				73EAF1C62BA742A800BC30A3 /* Interactor */,
				73EAF1C72BA742B000BC30A3 /* Router */,
				73EAF1C42BA7429200BC30A3 /* Entity */,
			);
			path = ListOfMovies;
			sourceTree = "<group>";
		};
		73EAF1C32BA7428400BC30A3 /* View */ = {
			isa = PBXGroup;
			children = (
				73EAF1C82BA742ED00BC30A3 /* LisOfMoviesView.swift */,
				73EAF1D42BA7552F00BC30A3 /* MovieCellView.swift */,
			);
			path = View;
			sourceTree = "<group>";
		};
		73EAF1C42BA7429200BC30A3 /* Entity */ = {
			isa = PBXGroup;
			children = (
				73EAF1D02BA7441900BC30A3 /* PopularMovieEntity.swift */,
				73EAF1D22BA7452100BC30A3 /* PopularMovieResponseEntity.swift */,
				73EAF1D92BA761A000BC30A3 /* CustomModel.swift */,
				73EAF1DB2BA766D300BC30A3 /* Mapper.swift */,
			);
			path = Entity;
			sourceTree = "<group>";
		};
		73EAF1C52BA742A000BC30A3 /* Presenter */ = {
			isa = PBXGroup;
			children = (
				73EAF1CA2BA7430800BC30A3 /* ListOfMoviesPresenter.swift */,
			);
			path = Presenter;
			sourceTree = "<group>";
		};
		73EAF1C62BA742A800BC30A3 /* Interactor */ = {
			isa = PBXGroup;
			children = (
				73EAF1CC2BA7431B00BC30A3 /* ListOfMoviesInteractor.swift */,
			);
			path = Interactor;
			sourceTree = "<group>";
		};
		73EAF1C72BA742B000BC30A3 /* Router */ = {
			isa = PBXGroup;
			children = (
				73EAF1CE2BA7432B00BC30A3 /* ListOfMoviesRouter.swift */,
			);
			path = Router;
			sourceTree = "<group>";
		};
		73EAF1DD2BA771CE00BC30A3 /* DetailMovie */ = {
			isa = PBXGroup;
			children = (
				73EAF1DE2BA771FA00BC30A3 /* View */,
				73EAF1DF2BA7720000BC30A3 /* Presenter */,
				73EAF1E02BA7720A00BC30A3 /* Interactor */,
				73EAF1E12BA7721400BC30A3 /* Router */,
				73EAF1E22BA7724500BC30A3 /* Entity */,
			);
			path = DetailMovie;
			sourceTree = "<group>";
		};
		73EAF1DE2BA771FA00BC30A3 /* View */ = {
			isa = PBXGroup;
			children = (
				73EAF1E32BA7730F00BC30A3 /* DetailView.swift */,
			);
			path = View;
			sourceTree = "<group>";
		};
		73EAF1DF2BA7720000BC30A3 /* Presenter */ = {
			isa = PBXGroup;
			children = (
				73EAF1E52BA7732100BC30A3 /* DetailPresenter.swift */,
			);
			path = Presenter;
			sourceTree = "<group>";
		};
		73EAF1E02BA7720A00BC30A3 /* Interactor */ = {
			isa = PBXGroup;
			children = (
				73EAF1E72BA7733300BC30A3 /* DetailInteractor.swift */,
			);
			path = Interactor;
			sourceTree = "<group>";
		};
		73EAF1E12BA7721400BC30A3 /* Router */ = {
			isa = PBXGroup;
			children = (
				73EAF1E92BA7735600BC30A3 /* DetailRouter.swift */,
			);
			path = Router;
			sourceTree = "<group>";
		};
		73EAF1E22BA7724500BC30A3 /* Entity */ = {
			isa = PBXGroup;
			children = (
				73EAF1EB2BA7736500BC30A3 /* DetailEntity.swift */,
				73EAF1ED2BA7799B00BC30A3 /* CustomDetailViewModel.swift */,
				73EAF1EF2BA77A0E00BC30A3 /* MapperDetailModel.swift */,
			);
			path = Entity;
			sourceTree = "<group>";
		};
/* End PBXGroup section */

/* Begin PBXNativeTarget section */
		73EAF1AA2BA7421500BC30A3 /* Movies-VIPER */ = {
			isa = PBXNativeTarget;
			buildConfigurationList = 73EAF1BF2BA7421700BC30A3 /* Build configuration list for PBXNativeTarget "Movies-VIPER" */;
			buildPhases = (
				73EAF1A72BA7421500BC30A3 /* Sources */,
				73EAF1A82BA7421500BC30A3 /* Frameworks */,
				73EAF1A92BA7421500BC30A3 /* Resources */,
			);
			buildRules = (
			);
			dependencies = (
			);
			name = "Movies-VIPER";
			packageProductDependencies = (
				73EAF1D72BA7598A00BC30A3 /* Kingfisher */,
			);
			productName = "Movies-VIPER";
			productReference = 73EAF1AB2BA7421500BC30A3 /* Movies-VIPER.app */;
			productType = "com.apple.product-type.application";
		};
/* End PBXNativeTarget section */

/* Begin PBXProject section */
		73EAF1A32BA7421500BC30A3 /* Project object */ = {
			isa = PBXProject;
			attributes = {
				BuildIndependentTargetsInParallel = 1;
				LastSwiftUpdateCheck = 1500;
				LastUpgradeCheck = 1500;
				TargetAttributes = {
					73EAF1AA2BA7421500BC30A3 = {
						CreatedOnToolsVersion = 15.0.1;
					};
				};
			};
			buildConfigurationList = 73EAF1A62BA7421500BC30A3 /* Build configuration list for PBXProject "Movies-VIPER" */;
			compatibilityVersion = "Xcode 14.0";
			developmentRegion = en;
			hasScannedForEncodings = 0;
			knownRegions = (
				en,
				Base,
			);
			mainGroup = 73EAF1A22BA7421500BC30A3;
			packageReferences = (
				73EAF1D62BA7598A00BC30A3 /* XCRemoteSwiftPackageReference "Kingfisher" */,
			);
			productRefGroup = 73EAF1AC2BA7421500BC30A3 /* Products */;
			projectDirPath = "";
			projectRoot = "";
			targets = (
				73EAF1AA2BA7421500BC30A3 /* Movies-VIPER */,
			);
		};
/* End PBXProject section */

/* Begin PBXResourcesBuildPhase section */
		73EAF1A92BA7421500BC30A3 /* Resources */ = {
			isa = PBXResourcesBuildPhase;
			buildActionMask = 2147483647;
			files = (
				73EAF1BB2BA7421700BC30A3 /* LaunchScreen.storyboard in Resources */,
				73EAF1B82BA7421700BC30A3 /* Assets.xcassets in Resources */,
			);
			runOnlyForDeploymentPostprocessing = 0;
		};
/* End PBXResourcesBuildPhase section */

/* Begin PBXSourcesBuildPhase section */
		73EAF1A72BA7421500BC30A3 /* Sources */ = {
			isa = PBXSourcesBuildPhase;
			buildActionMask = 2147483647;
			files = (
				73EAF1EA2BA7735600BC30A3 /* DetailRouter.swift in Sources */,
				73EAF1AF2BA7421500BC30A3 /* AppDelegate.swift in Sources */,
				73EAF1F02BA77A0E00BC30A3 /* MapperDetailModel.swift in Sources */,
				73EAF1DA2BA761A000BC30A3 /* CustomModel.swift in Sources */,
				73EAF1CD2BA7431B00BC30A3 /* ListOfMoviesInteractor.swift in Sources */,
				73EAF1DC2BA766D300BC30A3 /* Mapper.swift in Sources */,
				73EAF1E62BA7732100BC30A3 /* DetailPresenter.swift in Sources */,
				73EAF1E82BA7733300BC30A3 /* DetailInteractor.swift in Sources */,
				73EAF1D52BA7552F00BC30A3 /* MovieCellView.swift in Sources */,
				73EAF1D12BA7441900BC30A3 /* PopularMovieEntity.swift in Sources */,
				73EAF1E42BA7730F00BC30A3 /* DetailView.swift in Sources */,
				73EAF1CB2BA7430800BC30A3 /* ListOfMoviesPresenter.swift in Sources */,
				73EAF1EE2BA7799B00BC30A3 /* CustomDetailViewModel.swift in Sources */,
				73EAF1CF2BA7432B00BC30A3 /* ListOfMoviesRouter.swift in Sources */,
				73EAF1B12BA7421500BC30A3 /* SceneDelegate.swift in Sources */,
				73EAF1EC2BA7736500BC30A3 /* DetailEntity.swift in Sources */,
				73EAF1D32BA7452100BC30A3 /* PopularMovieResponseEntity.swift in Sources */,
				73EAF1C92BA742ED00BC30A3 /* LisOfMoviesView.swift in Sources */,
			);
			runOnlyForDeploymentPostprocessing = 0;
		};
/* End PBXSourcesBuildPhase section */

/* Begin PBXVariantGroup section */
		73EAF1B92BA7421700BC30A3 /* LaunchScreen.storyboard */ = {
			isa = PBXVariantGroup;
			children = (
				73EAF1BA2BA7421700BC30A3 /* Base */,
			);
			name = LaunchScreen.storyboard;
			sourceTree = "<group>";
		};
/* End PBXVariantGroup section */

/* Begin XCBuildConfiguration section */
		73EAF1BD2BA7421700BC30A3 /* Debug */ = {
			isa = XCBuildConfiguration;
			buildSettings = {
				ALWAYS_SEARCH_USER_PATHS = NO;
				ASSETCATALOG_COMPILER_GENERATE_SWIFT_ASSET_SYMBOL_EXTENSIONS = YES;
				CLANG_ANALYZER_NONNULL = YES;
				CLANG_ANALYZER_NUMBER_OBJECT_CONVERSION = YES_AGGRESSIVE;
				CLANG_CXX_LANGUAGE_STANDARD = "gnu++20";
				CLANG_ENABLE_MODULES = YES;
				CLANG_ENABLE_OBJC_ARC = YES;
				CLANG_ENABLE_OBJC_WEAK = YES;
				CLANG_WARN_BLOCK_CAPTURE_AUTORELEASING = YES;
				CLANG_WARN_BOOL_CONVERSION = YES;
				CLANG_WARN_COMMA = YES;
				CLANG_WARN_CONSTANT_CONVERSION = YES;
				CLANG_WARN_DEPRECATED_OBJC_IMPLEMENTATIONS = YES;
				CLANG_WARN_DIRECT_OBJC_ISA_USAGE = YES_ERROR;
				CLANG_WARN_DOCUMENTATION_COMMENTS = YES;
				CLANG_WARN_EMPTY_BODY = YES;
				CLANG_WARN_ENUM_CONVERSION = YES;
				CLANG_WARN_INFINITE_RECURSION = YES;
				CLANG_WARN_INT_CONVERSION = YES;
				CLANG_WARN_NON_LITERAL_NULL_CONVERSION = YES;
				CLANG_WARN_OBJC_IMPLICIT_RETAIN_SELF = YES;
				CLANG_WARN_OBJC_LITERAL_CONVERSION = YES;
				CLANG_WARN_OBJC_ROOT_CLASS = YES_ERROR;
				CLANG_WARN_QUOTED_INCLUDE_IN_FRAMEWORK_HEADER = YES;
				CLANG_WARN_RANGE_LOOP_ANALYSIS = YES;
				CLANG_WARN_STRICT_PROTOTYPES = YES;
				CLANG_WARN_SUSPICIOUS_MOVE = YES;
				CLANG_WARN_UNGUARDED_AVAILABILITY = YES_AGGRESSIVE;
				CLANG_WARN_UNREACHABLE_CODE = YES;
				CLANG_WARN__DUPLICATE_METHOD_MATCH = YES;
				COPY_PHASE_STRIP = NO;
				DEBUG_INFORMATION_FORMAT = dwarf;
				ENABLE_STRICT_OBJC_MSGSEND = YES;
				ENABLE_TESTABILITY = YES;
				ENABLE_USER_SCRIPT_SANDBOXING = YES;
				GCC_C_LANGUAGE_STANDARD = gnu17;
				GCC_DYNAMIC_NO_PIC = NO;
				GCC_NO_COMMON_BLOCKS = YES;
				GCC_OPTIMIZATION_LEVEL = 0;
				GCC_PREPROCESSOR_DEFINITIONS = (
					"DEBUG=1",
					"$(inherited)",
				);
				GCC_WARN_64_TO_32_BIT_CONVERSION = YES;
				GCC_WARN_ABOUT_RETURN_TYPE = YES_ERROR;
				GCC_WARN_UNDECLARED_SELECTOR = YES;
				GCC_WARN_UNINITIALIZED_AUTOS = YES_AGGRESSIVE;
				GCC_WARN_UNUSED_FUNCTION = YES;
				GCC_WARN_UNUSED_VARIABLE = YES;
				IPHONEOS_DEPLOYMENT_TARGET = 17.0;
				LOCALIZATION_PREFERS_STRING_CATALOGS = YES;
				MTL_ENABLE_DEBUG_INFO = INCLUDE_SOURCE;
				MTL_FAST_MATH = YES;
				ONLY_ACTIVE_ARCH = YES;
				SDKROOT = iphoneos;
				SWIFT_ACTIVE_COMPILATION_CONDITIONS = "DEBUG $(inherited)";
				SWIFT_OPTIMIZATION_LEVEL = "-Onone";
			};
			name = Debug;
		};
		73EAF1BE2BA7421700BC30A3 /* Release */ = {
			isa = XCBuildConfiguration;
			buildSettings = {
				ALWAYS_SEARCH_USER_PATHS = NO;
				ASSETCATALOG_COMPILER_GENERATE_SWIFT_ASSET_SYMBOL_EXTENSIONS = YES;
				CLANG_ANALYZER_NONNULL = YES;
				CLANG_ANALYZER_NUMBER_OBJECT_CONVERSION = YES_AGGRESSIVE;
				CLANG_CXX_LANGUAGE_STANDARD = "gnu++20";
				CLANG_ENABLE_MODULES = YES;
				CLANG_ENABLE_OBJC_ARC = YES;
				CLANG_ENABLE_OBJC_WEAK = YES;
				CLANG_WARN_BLOCK_CAPTURE_AUTORELEASING = YES;
				CLANG_WARN_BOOL_CONVERSION = YES;
				CLANG_WARN_COMMA = YES;
				CLANG_WARN_CONSTANT_CONVERSION = YES;
				CLANG_WARN_DEPRECATED_OBJC_IMPLEMENTATIONS = YES;
				CLANG_WARN_DIRECT_OBJC_ISA_USAGE = YES_ERROR;
				CLANG_WARN_DOCUMENTATION_COMMENTS = YES;
				CLANG_WARN_EMPTY_BODY = YES;
				CLANG_WARN_ENUM_CONVERSION = YES;
				CLANG_WARN_INFINITE_RECURSION = YES;
				CLANG_WARN_INT_CONVERSION = YES;
				CLANG_WARN_NON_LITERAL_NULL_CONVERSION = YES;
				CLANG_WARN_OBJC_IMPLICIT_RETAIN_SELF = YES;
				CLANG_WARN_OBJC_LITERAL_CONVERSION = YES;
				CLANG_WARN_OBJC_ROOT_CLASS = YES_ERROR;
				CLANG_WARN_QUOTED_INCLUDE_IN_FRAMEWORK_HEADER = YES;
				CLANG_WARN_RANGE_LOOP_ANALYSIS = YES;
				CLANG_WARN_STRICT_PROTOTYPES = YES;
				CLANG_WARN_SUSPICIOUS_MOVE = YES;
				CLANG_WARN_UNGUARDED_AVAILABILITY = YES_AGGRESSIVE;
				CLANG_WARN_UNREACHABLE_CODE = YES;
				CLANG_WARN__DUPLICATE_METHOD_MATCH = YES;
				COPY_PHASE_STRIP = NO;
				DEBUG_INFORMATION_FORMAT = "dwarf-with-dsym";
				ENABLE_NS_ASSERTIONS = NO;
				ENABLE_STRICT_OBJC_MSGSEND = YES;
				ENABLE_USER_SCRIPT_SANDBOXING = YES;
				GCC_C_LANGUAGE_STANDARD = gnu17;
				GCC_NO_COMMON_BLOCKS = YES;
				GCC_WARN_64_TO_32_BIT_CONVERSION = YES;
				GCC_WARN_ABOUT_RETURN_TYPE = YES_ERROR;
				GCC_WARN_UNDECLARED_SELECTOR = YES;
				GCC_WARN_UNINITIALIZED_AUTOS = YES_AGGRESSIVE;
				GCC_WARN_UNUSED_FUNCTION = YES;
				GCC_WARN_UNUSED_VARIABLE = YES;
				IPHONEOS_DEPLOYMENT_TARGET = 17.0;
				LOCALIZATION_PREFERS_STRING_CATALOGS = YES;
				MTL_ENABLE_DEBUG_INFO = NO;
				MTL_FAST_MATH = YES;
				SDKROOT = iphoneos;
				SWIFT_COMPILATION_MODE = wholemodule;
				VALIDATE_PRODUCT = YES;
			};
			name = Release;
		};
		73EAF1C02BA7421700BC30A3 /* Debug */ = {
			isa = XCBuildConfiguration;
			buildSettings = {
				ASSETCATALOG_COMPILER_APPICON_NAME = AppIcon;
				ASSETCATALOG_COMPILER_GLOBAL_ACCENT_COLOR_NAME = AccentColor;
				CODE_SIGN_STYLE = Automatic;
				CURRENT_PROJECT_VERSION = 1;
				GENERATE_INFOPLIST_FILE = YES;
				INFOPLIST_FILE = "Movies-VIPER/Info.plist";
				INFOPLIST_KEY_UIApplicationSupportsIndirectInputEvents = YES;
				INFOPLIST_KEY_UILaunchStoryboardName = LaunchScreen;
				INFOPLIST_KEY_UISupportedInterfaceOrientations_iPad = "UIInterfaceOrientationPortrait UIInterfaceOrientationPortraitUpsideDown UIInterfaceOrientationLandscapeLeft UIInterfaceOrientationLandscapeRight";
				INFOPLIST_KEY_UISupportedInterfaceOrientations_iPhone = "UIInterfaceOrientationPortrait UIInterfaceOrientationLandscapeLeft UIInterfaceOrientationLandscapeRight";
				LD_RUNPATH_SEARCH_PATHS = (
					"$(inherited)",
					"@executable_path/Frameworks",
				);
				MARKETING_VERSION = 1.0;
				PRODUCT_BUNDLE_IDENTIFIER = "holahacker01.com.Movies-VIPER";
				PRODUCT_NAME = "$(TARGET_NAME)";
				SWIFT_EMIT_LOC_STRINGS = YES;
				SWIFT_VERSION = 5.0;
				TARGETED_DEVICE_FAMILY = "1,2";
			};
			name = Debug;
		};
		73EAF1C12BA7421700BC30A3 /* Release */ = {
			isa = XCBuildConfiguration;
			buildSettings = {
				ASSETCATALOG_COMPILER_APPICON_NAME = AppIcon;
				ASSETCATALOG_COMPILER_GLOBAL_ACCENT_COLOR_NAME = AccentColor;
				CODE_SIGN_STYLE = Automatic;
				CURRENT_PROJECT_VERSION = 1;
				GENERATE_INFOPLIST_FILE = YES;
				INFOPLIST_FILE = "Movies-VIPER/Info.plist";
				INFOPLIST_KEY_UIApplicationSupportsIndirectInputEvents = YES;
				INFOPLIST_KEY_UILaunchStoryboardName = LaunchScreen;
				INFOPLIST_KEY_UISupportedInterfaceOrientations_iPad = "UIInterfaceOrientationPortrait UIInterfaceOrientationPortraitUpsideDown UIInterfaceOrientationLandscapeLeft UIInterfaceOrientationLandscapeRight";
				INFOPLIST_KEY_UISupportedInterfaceOrientations_iPhone = "UIInterfaceOrientationPortrait UIInterfaceOrientationLandscapeLeft UIInterfaceOrientationLandscapeRight";
				LD_RUNPATH_SEARCH_PATHS = (
					"$(inherited)",
					"@executable_path/Frameworks",
				);
				MARKETING_VERSION = 1.0;
				PRODUCT_BUNDLE_IDENTIFIER = "holahacker01.com.Movies-VIPER";
				PRODUCT_NAME = "$(TARGET_NAME)";
				SWIFT_EMIT_LOC_STRINGS = YES;
				SWIFT_VERSION = 5.0;
				TARGETED_DEVICE_FAMILY = "1,2";
			};
			name = Release;
		};
/* End XCBuildConfiguration section */

/* Begin XCConfigurationList section */
		73EAF1A62BA7421500BC30A3 /* Build configuration list for PBXProject "Movies-VIPER" */ = {
			isa = XCConfigurationList;
			buildConfigurations = (
				73EAF1BD2BA7421700BC30A3 /* Debug */,
				73EAF1BE2BA7421700BC30A3 /* Release */,
			);
			defaultConfigurationIsVisible = 0;
			defaultConfigurationName = Release;
		};
		73EAF1BF2BA7421700BC30A3 /* Build configuration list for PBXNativeTarget "Movies-VIPER" */ = {
			isa = XCConfigurationList;
			buildConfigurations = (
				73EAF1C02BA7421700BC30A3 /* Debug */,
				73EAF1C12BA7421700BC30A3 /* Release */,
			);
			defaultConfigurationIsVisible = 0;
			defaultConfigurationName = Release;
		};
/* End XCConfigurationList section */

/* Begin XCRemoteSwiftPackageReference section */
		73EAF1D62BA7598A00BC30A3 /* XCRemoteSwiftPackageReference "Kingfisher" */ = {
			isa = XCRemoteSwiftPackageReference;
			repositoryURL = "https://github.com/onevcat/Kingfisher.git";
			requirement = {
				kind = upToNextMajorVersion;
				minimumVersion = 7.11.0;
			};
		};
/* End XCRemoteSwiftPackageReference section */

/* Begin XCSwiftPackageProductDependency section */
		73EAF1D72BA7598A00BC30A3 /* Kingfisher */ = {
			isa = XCSwiftPackageProductDependency;
			package = 73EAF1D62BA7598A00BC30A3 /* XCRemoteSwiftPackageReference "Kingfisher" */;
			productName = Kingfisher;
		};
/* End XCSwiftPackageProductDependency section */
	};
	rootObject = 73EAF1A32BA7421500BC30A3 /* Project object */;
}
